schema: '2.0'
stages:
  validate:
    cmd: python -m src.validate.run
    deps:
    - path: data/raw/CGR_Crash_Data.csv
      hash: md5
      md5: 7d4a042e112c19cceb9fc8b1a69d26c4
      size: 107949687
    - path: great_expectations/gx/great_expectations.yml
      hash: md5
      md5: ea935db0c5422a57f0f6548fcf3443ee
      size: 3973
    - path: src/validate/run.py
      hash: md5
      md5: b2381a25dac59612e15c2b9192667752
      size: 2380
    - path: src/validate/validator.py
      hash: md5
      md5: 650d8c209fd5d96334f2c47f82766642
      size: 4771
    params:
      params.yaml:
        great_expectations.datasource_name: crash_data
        great_expectations.suite_name: crash_data_suite
        validation.columns:
          HOUR:
            dtype: int
            min: 0
            max: 23
            sentinel_values:
            - 99
            mostly: 0.996
          DAYOFWEEK:
            dtype: str
            allowed_values:
            - Monday
            - Tuesday
            - Wednesday
            - Thursday
            - Friday
            - Saturday
            - Sunday
            mostly: 1.0
          MONTH:
            dtype: str
            allowed_values:
            - January
            - February
            - March
            - April
            - May
            - June
            - July
            - August
            - September
            - October
            - November
            - December
            mostly: 1.0
          YEAR:
            dtype: int
            min: 2008
            max: 2017
            mostly: 1.0
          WEATHER:
            dtype: str
            allowed_values:
            - Blowing Snow
            - Clear
            - Cloudy
            - Fog
            - Rain
            - Severe Crosswind
            - Sleet or Hail
            - Smoke
            - Snow
            - Uncoded & Errors
            - Unknown
            mostly: 1.0
          SURFCOND:
            dtype: str
            allowed_values:
            - Debris
            - Dry
            - Icy
            - Mud, Dirt, Gravel
            - Oily
            - Other
            - Slush
            - Snowy
            - Uncoded & Errors
            - Unknown
            - Water
            - Wet
            mostly: 1.0
          LIGHTING:
            dtype: str
            allowed_values:
            - Dark, Lighted
            - Dark, Unlighted
            - Dawn
            - Daylight
            - Dusk
            - Other
            - Uncoded & Errors
            - Unknown
            mostly: 1.0
          SPEEDLIMIT:
            dtype: int
            min: 0
            max: 98
            sentinel_values:
            - 99
            mostly: 0.989
          RDNUMLANES:
            dtype: int
            min: 0
            max: 6
            mostly: 1.0
          RDWIDTH:
            dtype: float
            min: 0.0
            max: 80.0
            mostly: 1.0
          ROUTECLASS:
            dtype: str
            allowed_values:
            - Connector
            - County Road or City Street or Not Known
            - Interstate Business Loop or Spur
            - Interstate Route
            - M Route
            - Not Located
            - U.S. Business Route
            - U.S. Route
            mostly: 1.0
          TRUNKLINE:
            dtype: str
            allowed_values:
            - Non-Trunkline
            - Trunkline
            mostly: 1.0
          RDSUBTYPE:
            dtype: int
            allowed_values:
            - 0
            - 30
            - 31
            - 33
            - 34
            - 35
            - 36
            - 37
            - 38
            mostly: 1.0
          DRIVER1AGE:
            dtype: int
            min: 0
            max: 100
            sentinel_values:
            - 999
            mostly: 0.85
          DRIVER1SEX:
            dtype: str
            allowed_values:
            - F
            - M
            - U
            mostly: 1.0
          DRIVER2AGE:
            dtype: int
            min: 0
            max: 100
            sentinel_values:
            - 999
            mostly: 0.65
          DRIVER2SEX:
            dtype: str
            allowed_values:
            - F
            - M
            - U
            mostly: 1.0
          VEH1TYPE:
            dtype: str
            allowed_values:
            - Go-cart / Golf Cart
            - Moped
            - Motorcycle
            - Motorhome
            - Off-Road Vehicle, All-Terrain Vehicle
            - Other Non-Commercial
            - Passenger Car, SUV, Van
            - Pickup Truck
            - Truck / Bus (Commercial)
            - Truck Under 10,000 lbs
            - Uncoded & Errors
            mostly: 1.0
          VEH1USE:
            dtype: str
            allowed_values:
            - Club or Church
            - Commercial
            - Farm
            - In Pursuit or Emergency (in use)
            - Military Vehicle
            - Other
            - Other Government, Non-Emergency
            - Private
            - Road Construction or Maintenance
            - School or Education
            - Uncoded & Errors
            - Utility
            mostly: 1.0
          VEH2TYPE:
            dtype: str
            allowed_values:
            - Go-cart / Golf Cart
            - Moped
            - Motorcycle
            - Motorhome
            - Off-Road Vehicle, All-Terrain Vehicle
            - Other Non-Commercial
            - Passenger Car, SUV, Van
            - Pickup Truck
            - Snowmobile
            - Truck / Bus (Commercial)
            - Truck Under 10,000 lbs
            - Uncoded & Errors
            mostly: 1.0
          VEH2USE:
            dtype: str
            allowed_values:
            - Club or Church
            - Commercial
            - Farm
            - In Pursuit or Emergency (in use)
            - Military Vehicle
            - Other
            - Other Government, Non-Emergency
            - Private
            - Road Construction or Maintenance
            - School or Education
            - Uncoded & Errors
            - Utility
            mostly: 1.0
          CRASHTYPE:
            dtype: str
            allowed_values:
            - Angle Driveway
            - Angle Straight
            - Angle Turn
            - Animal
            - Backing
            - Bicycle
            - Fixed Object
            - Head-On Left-Turn Not Associated with Driveway
            - Head-on
            - Hit Train
            - Misc. Multiple Vehicle
            - Misc. Single Vehicle
            - Other Driveway
            - Other Object
            - Overturn
            - Parking
            - Pedestrian
            - Rear End Driveway
            - Rear End Left Turn
            - Rear End Right Turn
            - Rear End Straight
            - Side-Swipe Opposite
            - Side-Swipe Same
            mostly: 1.0
          TRAFCTLDEV:
            dtype: str
            allowed_values:
            - Signal
            - Stop Sign
            - Stop Sign with Flashing Beacon
            - Uncoded & Errors
            - Yield Sign
            mostly: 0.4
          NONTRAFFIC:
            dtype: str
            allowed_values:
            - No
            mostly: 1.0
          CRASHSEVER:
            dtype: str
            allowed_values:
            - Fatal
            - Injury
            - Property Damage Only
            mostly: 1.0
          X:
            dtype: float
            min: -85.76
            max: -85.56
            mostly: 1.0
          Y:
            dtype: float
            min: 42.88
            max: 43.04
            mostly: 1.0
          NUMOFVEHIC:
            dtype: int
            min: 1
            max: 12
            mostly: 1.0
    outs:
    - path: data/processed/.validation_passed
      hash: md5
      md5: c9e825f4641cd3bec0ba01a0c2d67755
      size: 9
  ingest:
    cmd: python -m src.ingest.run
    deps:
    - path: data/processed/.validation_passed
      hash: md5
      md5: c9e825f4641cd3bec0ba01a0c2d67755
      size: 9
    - path: src/ingest/ingester.py
      hash: md5
      md5: 1b3bb356a6c656b013e7de92607fc92f
      size: 668
    - path: src/ingest/run.py
      hash: md5
      md5: 4cb8e67a3c8b40d26c763083a9788c4c
      size: 798
    params:
      params.yaml:
        data.processed_dir: data/processed/
        data.raw_path: data/raw/CGR_Crash_Data.csv
    outs:
    - path: data/processed/raw.csv
      hash: md5
      md5: dbc05f5f39accfd6fc32543bf0b4e845
      size: 107591014
  featurize:
    cmd: python -m src.featurize.run
    deps:
    - path: data/processed/raw.csv
      hash: md5
      md5: dbc05f5f39accfd6fc32543bf0b4e845
      size: 107591014
    - path: src/config.py
      hash: md5
      md5: b6c4e8bb4ac867dea54ee9599c482e2e
      size: 6950
    - path: src/featurize/featurizer.py
      hash: md5
      md5: bd6580ccde9fabf586d46d293817c617
      size: 12895
    - path: src/featurize/run.py
      hash: md5
      md5: 474e29e78da1a225ee9ce21e9910f114
      size: 3558
    - path: src/featurize/selector.py
      hash: md5
      md5: 2296347a037d9ef29287df8542735ec1
      size: 4022
    params:
      params.yaml:
        data.random_state: 42
        data.sentinel_value: 999
        data.test_size: 0.2
        data.train_size: 0.6
        data.val_size: 0.2
        feature_selection.method: none
        feature_selection.n_features: 10
        feature_selection.threshold: 0.95
        features.columns:
        - HOUR
        - DAYOFWEEK
        - MONTH
        - YEAR
        - WEATHER
        - SURFCOND
        - LIGHTING
        - SPEEDLIMIT
        - RDNUMLANES
        - RDWIDTH
        - ROUTECLASS
        - TRUNKLINE
        - RDSUBTYPE
        - DRIVER1AGE
        - DRIVER1SEX
        - DRIVER2AGE
        - DRIVER2SEX
        - VEH1TYPE
        - VEH1USE
        - VEH2TYPE
        - VEH2USE
        - TRAFCTLDEV
        - NONTRAFFIC
        - X
        - Y
        features.cyclical_columns:
          HOUR: 24
          MONTH: 12
          DAYOFWEEK: 7
        features.danger_index_features: true
        features.forbidden_columns:
        - NUMOFKILL
        - NUMOFINJ
        - NUMOFUNINJ
        features.numeric_columns:
        - YEAR
        - SPEEDLIMIT
        - RDNUMLANES
        - RDWIDTH
        - DRIVER1AGE
        - DRIVER2AGE
        - X
        - Y
        features.ordinal_columns: {}
        features.sentinel_columns:
        - DRIVER1AGE
        - DRIVER2AGE
        features.target_column: CRASHSEVER
        model.n_classes: 3
    outs:
    - path: data/processed/X_test.npy
      hash: md5
      md5: 8bd04cfdc9de8852561a25a66ec7628a
      size: 3567008
    - path: data/processed/X_train.npy
      hash: md5
      md5: 762b129b49ed75d3943982b60e63106c
      size: 10700528
    - path: data/processed/X_val.npy
      hash: md5
      md5: 8c79637571ba0ecdf6a8ad6436e774e4
      size: 3567008
    - path: data/processed/y_test.npy
      hash: md5
      md5: 844f180395e4bcec2d3f303b13487de1
      size: 119024
    - path: data/processed/y_train.npy
      hash: md5
      md5: e1ea8dcd6335ad1a886a09c4967582ac
      size: 356808
    - path: data/processed/y_val.npy
      hash: md5
      md5: 704b856814362004dbe5e92b2a4f65db
      size: 119024
    - path: models/preprocessing_pipeline.joblib
      hash: md5
      md5: 293f2585cf3b6a6dd3f128c0acea559f
      size: 10752
  train_vae:
    cmd: python -m src.train_vae.run
    deps:
    - path: data/processed/X_test.npy
      hash: md5
      md5: 8bd04cfdc9de8852561a25a66ec7628a
      size: 3567008
    - path: data/processed/X_train_augmented.npy
      hash: md5
      md5: 6519ae093c5386e7d7af56023be2c61b
      size: 12571088
    - path: data/processed/X_val.npy
      hash: md5
      md5: 8c79637571ba0ecdf6a8ad6436e774e4
      size: 3567008
    - path: data/processed/y_train_augmented.npy
      hash: md5
      md5: 29d396704df76c8dde804d885af32e95
      size: 419160
    - path: src/config.py
      hash: md5
      md5: b6c4e8bb4ac867dea54ee9599c482e2e
      size: 6950
    - path: src/train_vae/run.py
      hash: md5
      md5: 9556d54517a4cb184b6036f4bd7c4d30
      size: 3267
    - path: src/train_vae/vae_trainer.py
      hash: md5
      md5: 881e74c5bcb985f82724560e9541d290
      size: 15558
    params:
      params.yaml:
        mlflow.tracking_uri: mlruns/
        vae.batch_size: 512
        vae.beta_max: 0.15304852121831464
        vae.beta_start: 0.0
        vae.dropout_p: 0.2520993370291153
        vae.encoder_dims:
        - 256
        - 128
        - 64
        vae.epochs: 200
        vae.experiment_name: crash-severity-vae
        vae.latent_dim: 16
        vae.lr: 0.0009239150319627245
        vae.patience: 20
        vae.warmup_epochs: 29
    outs:
    - path: models/vae_decoder.pth
      hash: md5
      md5: 631337f35ef59dabdfc925412ef67c6b
      size: 209545
    - path: models/vae_encoder.pth
      hash: md5
      md5: 2541d6344988591aef3a5d40c51acbcb
      size: 214283
  encode:
    cmd: python -m src.encode.run
    deps:
    - path: data/processed/X_test.npy
      hash: md5
      md5: 8bd04cfdc9de8852561a25a66ec7628a
      size: 3567008
    - path: data/processed/X_train.npy
      hash: md5
      md5: 762b129b49ed75d3943982b60e63106c
      size: 10700528
    - path: data/processed/X_train_augmented.npy
      hash: md5
      md5: 6519ae093c5386e7d7af56023be2c61b
      size: 12571088
    - path: data/processed/X_val.npy
      hash: md5
      md5: 8c79637571ba0ecdf6a8ad6436e774e4
      size: 3567008
    - path: data/processed/y_train_augmented.npy
      hash: md5
      md5: 29d396704df76c8dde804d885af32e95
      size: 419160
    - path: models/vae_encoder.pth
      hash: md5
      md5: 2541d6344988591aef3a5d40c51acbcb
      size: 214283
    - path: src/config.py
      hash: md5
      md5: b6c4e8bb4ac867dea54ee9599c482e2e
      size: 6950
    - path: src/drift/detector.py
      hash: md5
      md5: 0d525650646ad23eb268458e6fba6996
      size: 6506
    - path: src/encode/encoder.py
      hash: md5
      md5: 3909fe441d69ebbbacd38fef75d986d3
      size: 3939
    - path: src/encode/run.py
      hash: md5
      md5: 5cf1038a0547ed1c4154e983cf56ba37
      size: 4927
    - path: src/metrics.py
      hash: md5
      md5: d64431fa9e054cb6e846c8033162a6e9
      size: 4668
    params:
      params.yaml:
        drift:
          reference_path: models/drift_reference.npz
          random_state: 42
          min_ratio: 3.0
        vae.latent_dim: 16
    outs:
    - path: data/processed/Z_test.npy
      hash: md5
      md5: 160227bffcd0c61b23760a39ab140d73
      size: 951296
    - path: data/processed/Z_train_augmented.npy
      hash: md5
      md5: d50452f2070c50bdad2da33518608351
      size: 3352384
    - path: data/processed/Z_val.npy
      hash: md5
      md5: f7291fd30f9397d136e2fabc2502fcd0
      size: 951296
    - path: docs/drift_report.json
      hash: md5
      md5: 2bd8c73aeca84683894e31fbad0b2914
      size: 154
    - path: models/drift_reference.npz
      hash: md5
      md5: 0026937b135e0d4327ced09bb3155518
      size: 577388
  augment:
    cmd: python -m src.augment.run
    deps:
    - path: data/processed/X_train.npy
      hash: md5
      md5: 762b129b49ed75d3943982b60e63106c
      size: 10700528
    - path: data/processed/y_train.npy
      hash: md5
      md5: e1ea8dcd6335ad1a886a09c4967582ac
      size: 356808
    - path: src/augment/augmenter.py
      hash: md5
      md5: 433a5041fa29f77bd68906fd6ec40431
      size: 3296
    - path: src/augment/run.py
      hash: md5
      md5: 1e3e5fa363e0c119942a877542524070
      size: 3396
    - path: src/config.py
      hash: md5
      md5: b6c4e8bb4ac867dea54ee9599c482e2e
      size: 6950
    params:
      params.yaml:
        augment.random_state: 42
        augment.target_fatal_ratio: 0.15
        augment.tvae_epochs: 500
        mlflow.tracking_uri: mlruns/
    outs:
    - path: data/processed/X_train_augmented.npy
      hash: md5
      md5: 6519ae093c5386e7d7af56023be2c61b
      size: 12571088
    - path: data/processed/y_train_augmented.npy
      hash: md5
      md5: 29d396704df76c8dde804d885af32e95
      size: 419160
  train_dl:
    cmd: python -m src.train_dl.run
    deps:
    - path: data/processed/Z_test.npy
      hash: md5
      md5: 66b2fd5a3250e6a0bc9dd8c95e4c3a83
      size: 951296
    - path: data/processed/Z_train_augmented.npy
      hash: md5
      md5: 2cb635ed321a0321eb77c598c9770a38
      size: 3352384
    - path: data/processed/Z_val.npy
      hash: md5
      md5: 559ce955679d712c0a613b1e46e2f1b0
      size: 951296
    - path: data/processed/y_test.npy
      hash: md5
      md5: 844f180395e4bcec2d3f303b13487de1
      size: 119024
    - path: data/processed/y_train_augmented.npy
      hash: md5
      md5: 29d396704df76c8dde804d885af32e95
      size: 419160
    - path: data/processed/y_val.npy
      hash: md5
      md5: 704b856814362004dbe5e92b2a4f65db
      size: 119024
    - path: src/config.py
      hash: md5
      md5: 3c8297dcf0f92c89cd584312ada4b41d
      size: 6676
    - path: src/metrics.py
      hash: md5
      md5: 7dc3b880c04ab56e5991d751998f7f74
      size: 4230
    - path: src/train_dl/run.py
      hash: md5
      md5: 6e94debb779f2730534eded64c59f5ed
      size: 3247
    - path: src/train_dl/trainer.py
      hash: md5
      md5: df3452b1ab5a98b8243d3f07ac23c81b
      size: 9439
    params:
      params.yaml:
        ab_test.alpha: 0.05
        ab_test.seeds:
        - 0
        - 1
        - 2
        - 3
        - 4
        - 5
        - 6
        - 7
        - 8
        - 9
        dl.batch_size: 256
        dl.dropout_p: 0.1
        dl.epochs: 100
        dl.hidden_dim: 64
        dl.input_dim: 16
        dl.lr: 0.001
        dl.patience: 10
        mlflow.experiment_name_dl: crash-severity-dl
        mlflow.tracking_uri: mlruns/
        model.n_classes: 3
    outs:
    - path: models/mlp_model.pth
      hash: md5
      md5: 3cce55a357e424d242631140b912848e
      size: 21347
  train_ml:
    cmd: python -m src.train_ml.run
    deps:
    - path: data/processed/Z_test.npy
      hash: md5
      md5: 66b2fd5a3250e6a0bc9dd8c95e4c3a83
      size: 951296
    - path: data/processed/Z_train_augmented.npy
      hash: md5
      md5: 2cb635ed321a0321eb77c598c9770a38
      size: 3352384
    - path: data/processed/Z_val.npy
      hash: md5
      md5: 559ce955679d712c0a613b1e46e2f1b0
      size: 951296
    - path: data/processed/y_test.npy
      hash: md5
      md5: 844f180395e4bcec2d3f303b13487de1
      size: 119024
    - path: data/processed/y_train_augmented.npy
      hash: md5
      md5: 29d396704df76c8dde804d885af32e95
      size: 419160
    - path: data/processed/y_val.npy
      hash: md5
      md5: 704b856814362004dbe5e92b2a4f65db
      size: 119024
    - path: src/config.py
      hash: md5
      md5: 3c8297dcf0f92c89cd584312ada4b41d
      size: 6676
    - path: src/metrics.py
      hash: md5
      md5: 7dc3b880c04ab56e5991d751998f7f74
      size: 4230
    - path: src/train_ml/run.py
      hash: md5
      md5: cc0a58745ad580621dff44fa7318c8f5
      size: 3133
    - path: src/train_ml/trainer.py
      hash: md5
      md5: de70dbb3c1bddf0751f4b0f4c71d3b34
      size: 8504
    params:
      params.yaml:
        ab_test.alpha: 0.05
        ab_test.seeds:
        - 0
        - 1
        - 2
        - 3
        - 4
        - 5
        - 6
        - 7
        - 8
        - 9
        mlflow.experiment_name_ml: crash-severity-ml
        mlflow.tracking_uri: mlruns/
        model.fatal_recall_threshold: 0.5
        model.fatal_threshold: 0.04196688227206019
        model.macro_f1_threshold: 0.3
        model.n_classes: 3
    outs:
    - path: models/best_ml_model.pkl
      hash: md5
      md5: 6f032e1eb2cd8fe804a8a75f14a06863
      size: 586182
  evaluate:
    cmd: python -m src.evaluate.run
    deps:
    - path: models/best_gmm_model.pkl
      hash: md5
      md5: 5de549741ee85be2907490e494136c31
      size: 26681
    - path: models/best_ml_model.pkl
      hash: md5
      md5: 6f032e1eb2cd8fe804a8a75f14a06863
      size: 586182
    - path: models/mlp_model.pth
      hash: md5
      md5: 3cce55a357e424d242631140b912848e
      size: 21347
    - path: src/config.py
      hash: md5
      md5: 3c8297dcf0f92c89cd584312ada4b41d
      size: 6676
    - path: src/evaluate/evaluator.py
      hash: md5
      md5: 660c9d091388d2e1b0ca1d762729e57b
      size: 8919
    - path: src/evaluate/run.py
      hash: md5
      md5: 6e41eed7e50f508091613686e68a14a0
      size: 6087
    params:
      params.yaml:
        ab_test.alpha: 0.05
        ab_test.tiebreak:
        - ml
        - dl
        - gmm
        mlflow.experiment_name_dl: crash-severity-dl
        mlflow.experiment_name_gmm: crash-severity-gmm
        mlflow.experiment_name_ml: crash-severity-ml
        mlflow.tracking_uri: mlruns/
        model.fatal_recall_threshold: 0.5
        model.macro_f1_threshold: 0.3
        model.n_classes: 3
    outs:
    - path: docs/ab_test_comparison.json
      hash: md5
      md5: 393400bd5a98070096b7bd5122caa7ed
      size: 755
    - path: docs/evaluation_report.json
      hash: md5
      md5: 4f4c882f1f865595e45039030b645975
      size: 785
  tune:
    cmd: python -m src.tune.run
    deps:
    - path: data/processed/X_test.npy
      hash: md5
      md5: 8bd04cfdc9de8852561a25a66ec7628a
      size: 3567008
    - path: data/processed/X_train.npy
      hash: md5
      md5: 762b129b49ed75d3943982b60e63106c
      size: 10700528
    - path: data/processed/X_train_augmented.npy
      hash: md5
      md5: 26f6c051c5839afcda6f77bfb9508475
      size: 12571088
    - path: data/processed/X_val.npy
      hash: md5
      md5: 8c79637571ba0ecdf6a8ad6436e774e4
      size: 3567008
    - path: data/processed/y_test.npy
      hash: md5
      md5: 844f180395e4bcec2d3f303b13487de1
      size: 119024
    - path: data/processed/y_train.npy
      hash: md5
      md5: e1ea8dcd6335ad1a886a09c4967582ac
      size: 356808
    - path: data/processed/y_train_augmented.npy
      hash: md5
      md5: 29d396704df76c8dde804d885af32e95
      size: 419160
    - path: data/processed/y_val.npy
      hash: md5
      md5: 704b856814362004dbe5e92b2a4f65db
      size: 119024
    - path: docs/evaluation_report.json
      hash: md5
      md5: 4f4c882f1f865595e45039030b645975
      size: 785
    - path: src/config.py
      hash: md5
      md5: 3c8297dcf0f92c89cd584312ada4b41d
      size: 6676
    - path: src/tune/optuna_tuner.py
      hash: md5
      md5: cbe818019392071d39dec67cba2b78fe
      size: 11094
    - path: src/tune/run.py
      hash: md5
      md5: 58c5034511828d42a78ef539f24f9643
      size: 4390
    params:
      params.yaml:
        mlflow.experiment_name_tune: crash-severity-tune
        mlflow.tracking_uri: mlruns/
        tune.experiment_name: vae-hyperparameter-tuning
        tune.optuna.direction: maximize
        tune.optuna.n_trials: 30
        tune.optuna.pruner.n_startup_trials: 8
        tune.optuna.pruner.n_warmup_steps: 30
        tune.optuna.pruner.recall_floor: 0.35
        tune.optuna.pruner.recall_penalty_scale: 4.0
        tune.optuna.search_space.beta_max_high: 1.0
        tune.optuna.search_space.beta_max_low: 0.01
        tune.optuna.search_space.dropout_p_high: 0.3
        tune.optuna.search_space.dropout_p_low: 0.05
        tune.optuna.search_space.latent_dim_choices:
        - 8
        - 16
        - 32
        - 64
        tune.optuna.search_space.lr_high: 0.001
        tune.optuna.search_space.lr_low: 0.0001
        tune.optuna.search_space.target_fatal_ratio_choices:
        - 0.05
        - 0.1
        - 0.15
        - 0.2
        tune.optuna.search_space.warmup_epochs_high: 30
        tune.optuna.search_space.warmup_epochs_low: 5
        tune.optuna.study_name: vae-optuna-hpo
    outs:
    - path: docs/optuna_best_params.json
      hash: md5
      md5: 996265aa699f0d683b0347c4c8ebf8ec
      size: 367
  register:
    cmd: python -m src.register.run
    deps:
    - path: docs/evaluation_report.json
      hash: md5
      md5: 4f4c882f1f865595e45039030b645975
      size: 785
    - path: src/config.py
      hash: md5
      md5: 3c8297dcf0f92c89cd584312ada4b41d
      size: 6676
    - path: src/register/registrar.py
      hash: md5
      md5: 5d16777d34361f65a084398fc87a0476
      size: 5969
    - path: src/register/run.py
      hash: md5
      md5: 5ae15b9c4124c3469deb0dbed50b808e
      size: 3567
    params:
      params.yaml:
        mlflow.experiment_name_dl: crash-severity-dl
        mlflow.experiment_name_ml: crash-severity-ml
        mlflow.model_name: crash-severity
        mlflow.tracking_uri: mlruns/
    outs:
    - path: models/registry_receipt.json
      hash: md5
      md5: 9b8c54dde76511f5d414255ea39f0665
      size: 147
  train_gmm:
    cmd: python -m src.train_gmm.run
    deps:
    - path: data/processed/Z_test.npy
      hash: md5
      md5: 66b2fd5a3250e6a0bc9dd8c95e4c3a83
      size: 951296
    - path: data/processed/Z_train_augmented.npy
      hash: md5
      md5: 2cb635ed321a0321eb77c598c9770a38
      size: 3352384
    - path: data/processed/Z_val.npy
      hash: md5
      md5: 559ce955679d712c0a613b1e46e2f1b0
      size: 951296
    - path: data/processed/y_test.npy
      hash: md5
      md5: 844f180395e4bcec2d3f303b13487de1
      size: 119024
    - path: data/processed/y_train_augmented.npy
      hash: md5
      md5: 29d396704df76c8dde804d885af32e95
      size: 419160
    - path: data/processed/y_val.npy
      hash: md5
      md5: 704b856814362004dbe5e92b2a4f65db
      size: 119024
    - path: src/config.py
      hash: md5
      md5: 3c8297dcf0f92c89cd584312ada4b41d
      size: 6676
    - path: src/metrics.py
      hash: md5
      md5: 7dc3b880c04ab56e5991d751998f7f74
      size: 4230
    - path: src/train_gmm/run.py
      hash: md5
      md5: 2b1be0945095bb5bfc9f8021229cfcf4
      size: 2657
    - path: src/train_gmm/trainer.py
      hash: md5
      md5: 9ddd772b48bee88a4b4d8029224ca292
      size: 7980
    params:
      params.yaml:
        ab_test.seeds:
        - 0
        - 1
        - 2
        - 3
        - 4
        - 5
        - 6
        - 7
        - 8
        - 9
        gmm.covariance_type: full
        gmm.experiment_name: crash-severity-gmm
        gmm.fatal_prior_boost: 1.0
        gmm.max_iter: 100
        gmm.n_components:
          0: 1
          1: 1
          2: 2
        gmm.n_init: 5
        gmm.reg_covar: 1e-06
        mlflow.experiment_name_gmm: crash-severity-gmm
        mlflow.tracking_uri: mlruns/
        model.fatal_recall_threshold: 0.5
        model.macro_f1_threshold: 0.3
        model.n_classes: 3
    outs:
    - path: models/best_gmm_model.pkl
      hash: md5
      md5: 5de549741ee85be2907490e494136c31
      size: 26681
