schema: '2.0'
stages:
  validate:
    cmd: python -m src.validate.run
    deps:
    - path: data/raw/CGR_Crash_Data.csv
      hash: md5
      md5: 7d4a042e112c19cceb9fc8b1a69d26c4
      size: 107949687
    - path: great_expectations/gx/great_expectations.yml
      hash: md5
      md5: 05973b34614615bc86033d41e82bac27
      size: 3973
    - path: src/validate/run.py
      hash: md5
      md5: b2381a25dac59612e15c2b9192667752
      size: 2380
    - path: src/validate/validator.py
      hash: md5
      md5: 650d8c209fd5d96334f2c47f82766642
      size: 4771
    params:
      params.yaml:
        great_expectations.datasource_name: crash_data
        great_expectations.suite_name: crash_data_suite
        validation.columns:
          HOUR:
            dtype: int
            min: 0
            max: 23
            sentinel_values:
            - 99
            mostly: 0.996
          DAYOFWEEK:
            dtype: str
            allowed_values:
            - Monday
            - Tuesday
            - Wednesday
            - Thursday
            - Friday
            - Saturday
            - Sunday
            mostly: 1.0
          MONTH:
            dtype: str
            allowed_values:
            - January
            - February
            - March
            - April
            - May
            - June
            - July
            - August
            - September
            - October
            - November
            - December
            mostly: 1.0
          YEAR:
            dtype: int
            min: 2008
            max: 2017
            mostly: 1.0
          WEATHER:
            dtype: str
            allowed_values:
            - Blowing Snow
            - Clear
            - Cloudy
            - Fog
            - Rain
            - Severe Crosswind
            - Sleet or Hail
            - Smoke
            - Snow
            - Uncoded & Errors
            - Unknown
            mostly: 1.0
          SURFCOND:
            dtype: str
            allowed_values:
            - Debris
            - Dry
            - Icy
            - Mud, Dirt, Gravel
            - Oily
            - Other
            - Slush
            - Snowy
            - Uncoded & Errors
            - Unknown
            - Water
            - Wet
            mostly: 1.0
          LIGHTING:
            dtype: str
            allowed_values:
            - Dark, Lighted
            - Dark, Unlighted
            - Dawn
            - Daylight
            - Dusk
            - Other
            - Uncoded & Errors
            - Unknown
            mostly: 1.0
          SPEEDLIMIT:
            dtype: int
            min: 0
            max: 98
            sentinel_values:
            - 99
            mostly: 0.989
          RDNUMLANES:
            dtype: int
            min: 0
            max: 6
            mostly: 1.0
          RDWIDTH:
            dtype: float
            min: 0.0
            max: 80.0
            mostly: 1.0
          ROUTECLASS:
            dtype: str
            allowed_values:
            - Connector
            - County Road or City Street or Not Known
            - Interstate Business Loop or Spur
            - Interstate Route
            - M Route
            - Not Located
            - U.S. Business Route
            - U.S. Route
            mostly: 1.0
          TRUNKLINE:
            dtype: str
            allowed_values:
            - Non-Trunkline
            - Trunkline
            mostly: 1.0
          RDSUBTYPE:
            dtype: int
            allowed_values:
            - 0
            - 30
            - 31
            - 33
            - 34
            - 35
            - 36
            - 37
            - 38
            mostly: 1.0
          DRIVER1AGE:
            dtype: int
            min: 0
            max: 100
            sentinel_values:
            - 999
            mostly: 0.85
          DRIVER1SEX:
            dtype: str
            allowed_values:
            - F
            - M
            - U
            mostly: 1.0
          DRIVER2AGE:
            dtype: int
            min: 0
            max: 100
            sentinel_values:
            - 999
            mostly: 0.65
          DRIVER2SEX:
            dtype: str
            allowed_values:
            - F
            - M
            - U
            mostly: 1.0
          VEH1TYPE:
            dtype: str
            allowed_values:
            - Go-cart / Golf Cart
            - Moped
            - Motorcycle
            - Motorhome
            - Off-Road Vehicle, All-Terrain Vehicle
            - Other Non-Commercial
            - Passenger Car, SUV, Van
            - Pickup Truck
            - Truck / Bus (Commercial)
            - Truck Under 10,000 lbs
            - Uncoded & Errors
            mostly: 1.0
          VEH1USE:
            dtype: str
            allowed_values:
            - Club or Church
            - Commercial
            - Farm
            - In Pursuit or Emergency (in use)
            - Military Vehicle
            - Other
            - Other Government, Non-Emergency
            - Private
            - Road Construction or Maintenance
            - School or Education
            - Uncoded & Errors
            - Utility
            mostly: 1.0
          VEH2TYPE:
            dtype: str
            allowed_values:
            - Go-cart / Golf Cart
            - Moped
            - Motorcycle
            - Motorhome
            - Off-Road Vehicle, All-Terrain Vehicle
            - Other Non-Commercial
            - Passenger Car, SUV, Van
            - Pickup Truck
            - Snowmobile
            - Truck / Bus (Commercial)
            - Truck Under 10,000 lbs
            - Uncoded & Errors
            mostly: 1.0
          VEH2USE:
            dtype: str
            allowed_values:
            - Club or Church
            - Commercial
            - Farm
            - In Pursuit or Emergency (in use)
            - Military Vehicle
            - Other
            - Other Government, Non-Emergency
            - Private
            - Road Construction or Maintenance
            - School or Education
            - Uncoded & Errors
            - Utility
            mostly: 1.0
          CRASHTYPE:
            dtype: str
            allowed_values:
            - Angle Driveway
            - Angle Straight
            - Angle Turn
            - Animal
            - Backing
            - Bicycle
            - Fixed Object
            - Head-On Left-Turn Not Associated with Driveway
            - Head-on
            - Hit Train
            - Misc. Multiple Vehicle
            - Misc. Single Vehicle
            - Other Driveway
            - Other Object
            - Overturn
            - Parking
            - Pedestrian
            - Rear End Driveway
            - Rear End Left Turn
            - Rear End Right Turn
            - Rear End Straight
            - Side-Swipe Opposite
            - Side-Swipe Same
            mostly: 1.0
          TRAFCTLDEV:
            dtype: str
            allowed_values:
            - Signal
            - Stop Sign
            - Stop Sign with Flashing Beacon
            - Uncoded & Errors
            - Yield Sign
            mostly: 0.4
          NONTRAFFIC:
            dtype: str
            allowed_values:
            - No
            mostly: 1.0
          CRASHSEVER:
            dtype: str
            allowed_values:
            - Fatal
            - Injury
            - Property Damage Only
            mostly: 1.0
          X:
            dtype: float
            min: -85.76
            max: -85.56
            mostly: 1.0
          Y:
            dtype: float
            min: 42.88
            max: 43.04
            mostly: 1.0
    outs:
    - path: data/processed/.validation_passed
      hash: md5
      md5: c9e825f4641cd3bec0ba01a0c2d67755
      size: 9
  ingest:
    cmd: python -m src.ingest.run
    deps:
    - path: data/processed/.validation_passed
      hash: md5
      md5: c9e825f4641cd3bec0ba01a0c2d67755
      size: 9
    - path: src/ingest/ingester.py
      hash: md5
      md5: 1b3bb356a6c656b013e7de92607fc92f
      size: 668
    - path: src/ingest/run.py
      hash: md5
      md5: 4cb8e67a3c8b40d26c763083a9788c4c
      size: 798
    params:
      params.yaml:
        data.processed_dir: data/processed/
        data.raw_path: data/raw/CGR_Crash_Data.csv
    outs:
    - path: data/processed/raw.csv
      hash: md5
      md5: dbc05f5f39accfd6fc32543bf0b4e845
      size: 107591014
  featurize:
    cmd: python -m src.featurize.run
    deps:
    - path: data/processed/raw.csv
      hash: md5
      md5: dbc05f5f39accfd6fc32543bf0b4e845
      size: 107591014
    - path: src/config.py
      hash: md5
      md5: 8fbfd6c1705cab8f2c93a174ee58e009
      size: 3710
    - path: src/featurize/featurizer.py
      hash: md5
      md5: a7415cc2ce88168cca7b089d76b0cbea
      size: 7556
    - path: src/featurize/run.py
      hash: md5
      md5: 0064dfc39edd7e43101b00ea126d2a05
      size: 3372
    - path: src/featurize/selector.py
      hash: md5
      md5: 2296347a037d9ef29287df8542735ec1
      size: 4022
    params:
      params.yaml:
        data.random_state: 42
        data.sentinel_value: 999
        data.test_size: 0.15
        data.train_size: 0.7
        data.val_size: 0.15
        feature_selection.method: none
        feature_selection.n_features: 10
        feature_selection.threshold: 0.95
        features.columns:
        - HOUR
        - DAYOFWEEK
        - MONTH
        - YEAR
        - WEATHER
        - SURFCOND
        - LIGHTING
        - SPEEDLIMIT
        - RDNUMLANES
        - RDWIDTH
        - ROUTECLASS
        - TRUNKLINE
        - RDSUBTYPE
        - DRIVER1AGE
        - DRIVER1SEX
        - DRIVER2AGE
        - DRIVER2SEX
        - VEH1TYPE
        - VEH1USE
        - VEH2TYPE
        - VEH2USE
        - CRASHTYPE
        - TRAFCTLDEV
        - NONTRAFFIC
        - X
        - Y
        features.numeric_columns:
        - HOUR
        - YEAR
        - SPEEDLIMIT
        - RDNUMLANES
        - RDWIDTH
        - DRIVER1AGE
        - DRIVER2AGE
        - X
        - Y
        features.ordinal_columns:
          DAYOFWEEK:
          - Monday
          - Tuesday
          - Wednesday
          - Thursday
          - Friday
          - Saturday
          - Sunday
          MONTH:
          - January
          - February
          - March
          - April
          - May
          - June
          - July
          - August
          - September
          - October
          - November
          - December
        features.sentinel_columns:
        - DRIVER1AGE
        - DRIVER2AGE
        features.target_column: CRASHSEVER
        model.n_classes: 3
    outs:
    - path: data/processed/X_test.npy
      hash: md5
      md5: 33d4f39122927dadc5a314309d1605fc
      size: 2318704
    - path: data/processed/X_train.npy
      hash: md5
      md5: e88955d45b25309af5f466dba3510f60
      size: 10819248
    - path: data/processed/X_val.npy
      hash: md5
      md5: 4f485a0802260995ea181d1d505547ad
      size: 2318704
    - path: data/processed/y_test.npy
      hash: md5
      md5: 84689db1cdce0e584f0f6c791f5a1fa4
      size: 89304
    - path: data/processed/y_train.npy
      hash: md5
      md5: 7a7da204ddc9d5662784b4099af577b3
      size: 416248
    - path: data/processed/y_val.npy
      hash: md5
      md5: 42151ae2587e97cf56f01ef0498dba5a
      size: 89304
    - path: models/preprocessing_pipeline.joblib
      hash: md5
      md5: fd487056d2df0c631df36f85118765e4
      size: 12498
  train_vae:
    cmd: python -m src.train_vae.run
    deps:
    - path: data/processed/X_test.npy
      hash: md5
      md5: 33d4f39122927dadc5a314309d1605fc
      size: 2318704
    - path: data/processed/X_train.npy
      hash: md5
      md5: e88955d45b25309af5f466dba3510f60
      size: 10819248
    - path: data/processed/X_val.npy
      hash: md5
      md5: 4f485a0802260995ea181d1d505547ad
      size: 2318704
    - path: src/config.py
      hash: md5
      md5: 8fbfd6c1705cab8f2c93a174ee58e009
      size: 3710
    - path: src/train_vae/run.py
      hash: md5
      md5: 358416794e0c43602ec639b4368a1537
      size: 2518
    - path: src/train_vae/vae_trainer.py
      hash: md5
      md5: a996ab68e538bb6801653f5e490d1eb9
      size: 12413
    params:
      params.yaml:
        mlflow.tracking_uri: mlruns/
        vae.batch_size: 512
        vae.beta: 1.0
        vae.dropout_p: 0.15
        vae.encoder_dims:
        - 256
        - 128
        - 64
        vae.epochs: 200
        vae.experiment_name: crash-severity-vae
        vae.latent_dim: 32
        vae.lr: 0.001
        vae.patience: 20
    outs:
    - path: models/vae_decoder.pth
      hash: md5
      md5: 169e27d05a5b5135897d04c9e7c24cbf
      size: 209545
    - path: models/vae_encoder.pth
      hash: md5
      md5: 2c04c8be362ccd5d80917c237a2a8b8c
      size: 218507
  encode:
    cmd: python -m src.encode.run
    deps:
    - path: data/processed/X_test.npy
      hash: md5
      md5: 33d4f39122927dadc5a314309d1605fc
      size: 2318704
    - path: data/processed/X_train.npy
      hash: md5
      md5: e88955d45b25309af5f466dba3510f60
      size: 10819248
    - path: data/processed/X_val.npy
      hash: md5
      md5: 4f485a0802260995ea181d1d505547ad
      size: 2318704
    - path: data/processed/y_train.npy
      hash: md5
      md5: 7a7da204ddc9d5662784b4099af577b3
      size: 416248
    - path: models/vae_encoder.pth
      hash: md5
      md5: 2c04c8be362ccd5d80917c237a2a8b8c
      size: 218507
    - path: src/config.py
      hash: md5
      md5: 8fbfd6c1705cab8f2c93a174ee58e009
      size: 3710
    - path: src/encode/encoder.py
      hash: md5
      md5: e2b74d162ab95e655ff90f67fee574bf
      size: 3625
    - path: src/encode/run.py
      hash: md5
      md5: 68d9462a6f59aa9a50717f81e672ee22
      size: 3048
    params:
      params.yaml:
        encode.lsa_target_ratio: 0.05
        encode.min_fatal_samples: 10
        encode.random_state: 42
        vae.latent_dim: 32
    outs:
    - path: data/processed/Z_test.npy
      hash: md5
      md5: 76cf941b9e5a75b2d7771164638e180a
      size: 1426944
    - path: data/processed/Z_train_augmented.npy
      hash: md5
      md5: 0883a5abc97c7eec30f4f6a47fcc5887
      size: 13997184
    - path: data/processed/Z_val.npy
      hash: md5
      md5: 5d041158e340a8847bb427a143852cd4
      size: 1426944
    - path: data/processed/y_train_augmented.npy
      hash: md5
      md5: fd824cb0da033261bdc92cd7a8c05d89
      size: 437536
