schema: '2.0'
stages:
  validate:
    cmd: python -m src.validate.run
    deps:
    - path: data/raw/CGR_Crash_Data.csv
      hash: md5
      md5: 7d4a042e112c19cceb9fc8b1a69d26c4
      size: 107949687
    - path: great_expectations/gx/great_expectations.yml
      hash: md5
      md5: cd0cf975260efaf7cff09e01fa6a911d
      size: 3973
    - path: src/validate/run.py
      hash: md5
      md5: b2381a25dac59612e15c2b9192667752
      size: 2380
    - path: src/validate/validator.py
      hash: md5
      md5: 650d8c209fd5d96334f2c47f82766642
      size: 4771
    params:
      params.yaml:
        great_expectations.datasource_name: crash_data
        great_expectations.suite_name: crash_data_suite
        validation.columns:
          HOUR:
            dtype: int
            min: 0
            max: 23
            sentinel_values:
            - 99
            mostly: 0.996
          DAYOFWEEK:
            dtype: str
            allowed_values:
            - Monday
            - Tuesday
            - Wednesday
            - Thursday
            - Friday
            - Saturday
            - Sunday
            mostly: 1.0
          MONTH:
            dtype: str
            allowed_values:
            - January
            - February
            - March
            - April
            - May
            - June
            - July
            - August
            - September
            - October
            - November
            - December
            mostly: 1.0
          YEAR:
            dtype: int
            min: 2008
            max: 2017
            mostly: 1.0
          WEATHER:
            dtype: str
            allowed_values:
            - Blowing Snow
            - Clear
            - Cloudy
            - Fog
            - Rain
            - Severe Crosswind
            - Sleet or Hail
            - Smoke
            - Snow
            - Uncoded & Errors
            - Unknown
            mostly: 1.0
          SURFCOND:
            dtype: str
            allowed_values:
            - Debris
            - Dry
            - Icy
            - Mud, Dirt, Gravel
            - Oily
            - Other
            - Slush
            - Snowy
            - Uncoded & Errors
            - Unknown
            - Water
            - Wet
            mostly: 1.0
          LIGHTING:
            dtype: str
            allowed_values:
            - Dark, Lighted
            - Dark, Unlighted
            - Dawn
            - Daylight
            - Dusk
            - Other
            - Uncoded & Errors
            - Unknown
            mostly: 1.0
          SPEEDLIMIT:
            dtype: int
            min: 0
            max: 98
            sentinel_values:
            - 99
            mostly: 0.989
          RDNUMLANES:
            dtype: int
            min: 0
            max: 6
            mostly: 1.0
          RDWIDTH:
            dtype: float
            min: 0.0
            max: 80.0
            mostly: 1.0
          ROUTECLASS:
            dtype: str
            allowed_values:
            - Connector
            - County Road or City Street or Not Known
            - Interstate Business Loop or Spur
            - Interstate Route
            - M Route
            - Not Located
            - U.S. Business Route
            - U.S. Route
            mostly: 1.0
          TRUNKLINE:
            dtype: str
            allowed_values:
            - Non-Trunkline
            - Trunkline
            mostly: 1.0
          RDSUBTYPE:
            dtype: int
            allowed_values:
            - 0
            - 30
            - 31
            - 33
            - 34
            - 35
            - 36
            - 37
            - 38
            mostly: 1.0
          DRIVER1AGE:
            dtype: int
            min: 0
            max: 100
            sentinel_values:
            - 999
            mostly: 0.85
          DRIVER1SEX:
            dtype: str
            allowed_values:
            - F
            - M
            - U
            mostly: 1.0
          DRIVER2AGE:
            dtype: int
            min: 0
            max: 100
            sentinel_values:
            - 999
            mostly: 0.65
          DRIVER2SEX:
            dtype: str
            allowed_values:
            - F
            - M
            - U
            mostly: 1.0
          VEH1TYPE:
            dtype: str
            allowed_values:
            - Go-cart / Golf Cart
            - Moped
            - Motorcycle
            - Motorhome
            - Off-Road Vehicle, All-Terrain Vehicle
            - Other Non-Commercial
            - Passenger Car, SUV, Van
            - Pickup Truck
            - Truck / Bus (Commercial)
            - Truck Under 10,000 lbs
            - Uncoded & Errors
            mostly: 1.0
          VEH1USE:
            dtype: str
            allowed_values:
            - Club or Church
            - Commercial
            - Farm
            - In Pursuit or Emergency (in use)
            - Military Vehicle
            - Other
            - Other Government, Non-Emergency
            - Private
            - Road Construction or Maintenance
            - School or Education
            - Uncoded & Errors
            - Utility
            mostly: 1.0
          VEH2TYPE:
            dtype: str
            allowed_values:
            - Go-cart / Golf Cart
            - Moped
            - Motorcycle
            - Motorhome
            - Off-Road Vehicle, All-Terrain Vehicle
            - Other Non-Commercial
            - Passenger Car, SUV, Van
            - Pickup Truck
            - Snowmobile
            - Truck / Bus (Commercial)
            - Truck Under 10,000 lbs
            - Uncoded & Errors
            mostly: 1.0
          VEH2USE:
            dtype: str
            allowed_values:
            - Club or Church
            - Commercial
            - Farm
            - In Pursuit or Emergency (in use)
            - Military Vehicle
            - Other
            - Other Government, Non-Emergency
            - Private
            - Road Construction or Maintenance
            - School or Education
            - Uncoded & Errors
            - Utility
            mostly: 1.0
          CRASHTYPE:
            dtype: str
            allowed_values:
            - Angle Driveway
            - Angle Straight
            - Angle Turn
            - Animal
            - Backing
            - Bicycle
            - Fixed Object
            - Head-On Left-Turn Not Associated with Driveway
            - Head-on
            - Hit Train
            - Misc. Multiple Vehicle
            - Misc. Single Vehicle
            - Other Driveway
            - Other Object
            - Overturn
            - Parking
            - Pedestrian
            - Rear End Driveway
            - Rear End Left Turn
            - Rear End Right Turn
            - Rear End Straight
            - Side-Swipe Opposite
            - Side-Swipe Same
            mostly: 1.0
          TRAFCTLDEV:
            dtype: str
            allowed_values:
            - Signal
            - Stop Sign
            - Stop Sign with Flashing Beacon
            - Uncoded & Errors
            - Yield Sign
            mostly: 0.4
          NONTRAFFIC:
            dtype: str
            allowed_values:
            - No
            mostly: 1.0
          CRASHSEVER:
            dtype: str
            allowed_values:
            - Fatal
            - Injury
            - Property Damage Only
            mostly: 1.0
          X:
            dtype: float
            min: -85.76
            max: -85.56
            mostly: 1.0
          Y:
            dtype: float
            min: 42.88
            max: 43.04
            mostly: 1.0
          NUMOFVEHIC:
            dtype: int
            min: 1
            max: 12
            mostly: 1.0
    outs:
    - path: data/processed/.validation_passed
      hash: md5
      md5: c9e825f4641cd3bec0ba01a0c2d67755
      size: 9
  ingest:
    cmd: python -m src.ingest.run
    deps:
    - path: data/processed/.validation_passed
      hash: md5
      md5: c9e825f4641cd3bec0ba01a0c2d67755
      size: 9
    - path: src/ingest/ingester.py
      hash: md5
      md5: 1b3bb356a6c656b013e7de92607fc92f
      size: 668
    - path: src/ingest/run.py
      hash: md5
      md5: 4cb8e67a3c8b40d26c763083a9788c4c
      size: 798
    params:
      params.yaml:
        data.processed_dir: data/processed/
        data.raw_path: data/raw/CGR_Crash_Data.csv
    outs:
    - path: data/processed/raw.csv
      hash: md5
      md5: dbc05f5f39accfd6fc32543bf0b4e845
      size: 107591014
  featurize:
    cmd: python -m src.featurize.run
    deps:
    - path: data/processed/raw.csv
      hash: md5
      md5: dbc05f5f39accfd6fc32543bf0b4e845
      size: 107591014
    - path: src/config.py
      hash: md5
      md5: c268bcb9972a9a7dc47a2715e269e24a
      size: 6607
    - path: src/featurize/featurizer.py
      hash: md5
      md5: bd6580ccde9fabf586d46d293817c617
      size: 12895
    - path: src/featurize/run.py
      hash: md5
      md5: 474e29e78da1a225ee9ce21e9910f114
      size: 3558
    - path: src/featurize/selector.py
      hash: md5
      md5: 2296347a037d9ef29287df8542735ec1
      size: 4022
    params:
      params.yaml:
        data.random_state: 42
        data.sentinel_value: 999
        data.test_size: 0.2
        data.train_size: 0.6
        data.val_size: 0.2
        feature_selection.method: none
        feature_selection.n_features: 10
        feature_selection.threshold: 0.95
        features.columns:
        - HOUR
        - DAYOFWEEK
        - MONTH
        - YEAR
        - WEATHER
        - SURFCOND
        - LIGHTING
        - SPEEDLIMIT
        - RDNUMLANES
        - RDWIDTH
        - ROUTECLASS
        - TRUNKLINE
        - RDSUBTYPE
        - DRIVER1AGE
        - DRIVER1SEX
        - DRIVER2AGE
        - DRIVER2SEX
        - VEH1TYPE
        - VEH1USE
        - VEH2TYPE
        - VEH2USE
        - TRAFCTLDEV
        - NONTRAFFIC
        - X
        - Y
        features.cyclical_columns:
          HOUR: 24
          MONTH: 12
          DAYOFWEEK: 7
        features.danger_index_features: true
        features.forbidden_columns:
        - NUMOFKILL
        - NUMOFINJ
        - NUMOFUNINJ
        features.numeric_columns:
        - YEAR
        - SPEEDLIMIT
        - RDNUMLANES
        - RDWIDTH
        - DRIVER1AGE
        - DRIVER2AGE
        - X
        - Y
        features.ordinal_columns: {}
        features.sentinel_columns:
        - DRIVER1AGE
        - DRIVER2AGE
        features.target_column: CRASHSEVER
        model.n_classes: 3
    outs:
    - path: data/processed/X_test.npy
      hash: md5
      md5: 8bd04cfdc9de8852561a25a66ec7628a
      size: 3567008
    - path: data/processed/X_train.npy
      hash: md5
      md5: 762b129b49ed75d3943982b60e63106c
      size: 10700528
    - path: data/processed/X_val.npy
      hash: md5
      md5: 8c79637571ba0ecdf6a8ad6436e774e4
      size: 3567008
    - path: data/processed/y_test.npy
      hash: md5
      md5: 844f180395e4bcec2d3f303b13487de1
      size: 119024
    - path: data/processed/y_train.npy
      hash: md5
      md5: e1ea8dcd6335ad1a886a09c4967582ac
      size: 356808
    - path: data/processed/y_val.npy
      hash: md5
      md5: 704b856814362004dbe5e92b2a4f65db
      size: 119024
    - path: models/preprocessing_pipeline.joblib
      hash: md5
      md5: 293f2585cf3b6a6dd3f128c0acea559f
      size: 10752
  train_vae:
    cmd: python -m src.train_vae.run
    deps:
    - path: data/processed/X_test.npy
      hash: md5
      md5: 8bd04cfdc9de8852561a25a66ec7628a
      size: 3567008
    - path: data/processed/X_train_augmented.npy
      hash: md5
      md5: 60f6f81b255f091cedbf306cf4485c41
      size: 13356848
    - path: data/processed/X_val.npy
      hash: md5
      md5: 8c79637571ba0ecdf6a8ad6436e774e4
      size: 3567008
    - path: data/processed/y_train_augmented.npy
      hash: md5
      md5: 8fb2ad91be829003456c7254f446cfc5
      size: 445352
    - path: src/config.py
      hash: md5
      md5: c268bcb9972a9a7dc47a2715e269e24a
      size: 6607
    - path: src/train_vae/run.py
      hash: md5
      md5: 9556d54517a4cb184b6036f4bd7c4d30
      size: 3267
    - path: src/train_vae/vae_trainer.py
      hash: md5
      md5: 0a8c9d4f884c16656a88634d7515900c
      size: 15447
    params:
      params.yaml:
        mlflow.tracking_uri: mlruns/
        vae.batch_size: 512
        vae.beta_max: 0.05611516415334506
        vae.beta_start: 0.0
        vae.dropout_p: 0.2665440364437338
        vae.encoder_dims:
        - 256
        - 128
        - 64
        vae.epochs: 200
        vae.experiment_name: crash-severity-vae
        vae.latent_dim: 8
        vae.lr: 0.00011430983876313228
        vae.patience: 20
        vae.warmup_epochs: 9
    outs:
    - path: models/vae_decoder.pth
      hash: md5
      md5: 5c5cc44b35f7ba7a0a7074dfee2d13b9
      size: 207497
    - path: models/vae_encoder.pth
      hash: md5
      md5: 5b0de730c3927c7784354d2fe9653e35
      size: 210059
  encode:
    cmd: python -m src.encode.run
    deps:
    - path: data/processed/X_test.npy
      hash: md5
      md5: 8bd04cfdc9de8852561a25a66ec7628a
      size: 3567008
    - path: data/processed/X_train_augmented.npy
      hash: md5
      md5: 60f6f81b255f091cedbf306cf4485c41
      size: 13356848
    - path: data/processed/X_val.npy
      hash: md5
      md5: 8c79637571ba0ecdf6a8ad6436e774e4
      size: 3567008
    - path: data/processed/y_train_augmented.npy
      hash: md5
      md5: 8fb2ad91be829003456c7254f446cfc5
      size: 445352
    - path: models/vae_encoder.pth
      hash: md5
      md5: 5b0de730c3927c7784354d2fe9653e35
      size: 210059
    - path: src/config.py
      hash: md5
      md5: c268bcb9972a9a7dc47a2715e269e24a
      size: 6607
    - path: src/encode/encoder.py
      hash: md5
      md5: 535678f08af1ab284601e3fdab151e2b
      size: 2434
    - path: src/encode/run.py
      hash: md5
      md5: dc950b202f259c540231815ba6bcf683
      size: 2995
    params:
      params.yaml:
        vae.latent_dim: 8
    outs:
    - path: data/processed/Z_test.npy
      hash: md5
      md5: 99aff2a52d6710c17d050e42e1804777
      size: 475712
    - path: data/processed/Z_train_augmented.npy
      hash: md5
      md5: 7f5d9884ab1550db34dc78b8a4deacde
      size: 1781024
    - path: data/processed/Z_val.npy
      hash: md5
      md5: 06ccf110e4d4959b18062331fcf07e44
      size: 475712
  augment:
    cmd: python -m src.augment.run
    deps:
    - path: data/processed/X_train.npy
      hash: md5
      md5: 762b129b49ed75d3943982b60e63106c
      size: 10700528
    - path: data/processed/y_train.npy
      hash: md5
      md5: e1ea8dcd6335ad1a886a09c4967582ac
      size: 356808
    - path: src/augment/augmenter.py
      hash: md5
      md5: 127b2dbeab39fcab829028f1ed4c7f34
      size: 3394
    - path: src/augment/run.py
      hash: md5
      md5: e5312f365270c09bbe6df9a7b9d7f7fa
      size: 3491
    - path: src/config.py
      hash: md5
      md5: c268bcb9972a9a7dc47a2715e269e24a
      size: 6607
    params:
      params.yaml:
        augment.random_state: 42
        augment.target_fatal_ratio: 0.2
        augment.tvae_epochs: 500
        mlflow.tracking_uri: mlruns/
    outs:
    - path: data/processed/X_train_augmented.npy
      hash: md5
      md5: 60f6f81b255f091cedbf306cf4485c41
      size: 13356848
    - path: data/processed/y_train_augmented.npy
      hash: md5
      md5: 8fb2ad91be829003456c7254f446cfc5
      size: 445352
  train_dl:
    cmd: python -m src.train_dl.run
    deps:
    - path: data/processed/Z_test.npy
      hash: md5
      md5: 1f39c28751ab61f9980ba2a327b62245
      size: 475712
    - path: data/processed/Z_train_augmented.npy
      hash: md5
      md5: 829bcddc93fdeb5d1938de745d8e6fc8
      size: 1781024
    - path: data/processed/Z_val.npy
      hash: md5
      md5: cea83c20df3d6baefdc460875c298499
      size: 475712
    - path: data/processed/y_test.npy
      hash: md5
      md5: 844f180395e4bcec2d3f303b13487de1
      size: 119024
    - path: data/processed/y_train_augmented.npy
      hash: md5
      md5: 8fb2ad91be829003456c7254f446cfc5
      size: 445352
    - path: data/processed/y_val.npy
      hash: md5
      md5: 704b856814362004dbe5e92b2a4f65db
      size: 119024
    - path: src/config.py
      hash: md5
      md5: 6b0a59588b78e357fb3b7169f882afc6
      size: 6012
    - path: src/metrics.py
      hash: md5
      md5: d7e246a346847d11c70b8dbb941320d1
      size: 4359
    - path: src/train_dl/run.py
      hash: md5
      md5: 17545934cf89bb4f58fc343f926265c8
      size: 3343
    - path: src/train_dl/trainer.py
      hash: md5
      md5: a9bf914ad04f96cbcafdaeafb3b0acd8
      size: 9050
    params:
      params.yaml:
        ab_test.alpha: 0.05
        ab_test.seeds:
        - 0
        - 1
        - 2
        - 3
        - 4
        - 5
        - 6
        - 7
        - 8
        - 9
        dl.batch_size: 256
        dl.dropout_p: 0.1
        dl.epochs: 100
        dl.hidden_dim: 64
        dl.input_dim: 8
        dl.lr: 0.001
        dl.patience: 10
        mlflow.experiment_name_dl: crash-severity-dl
        mlflow.tracking_uri: mlruns/
        model.n_classes: 3
    outs:
    - path: models/mlp_model.pth
      hash: md5
      md5: 7b3cd5daa87ccc583f14f70af652060d
      size: 15203
  train_ml:
    cmd: python -m src.train_ml.run
    deps:
    - path: data/processed/Z_test.npy
      hash: md5
      md5: 1f39c28751ab61f9980ba2a327b62245
      size: 475712
    - path: data/processed/Z_train_augmented.npy
      hash: md5
      md5: 829bcddc93fdeb5d1938de745d8e6fc8
      size: 1781024
    - path: data/processed/Z_val.npy
      hash: md5
      md5: cea83c20df3d6baefdc460875c298499
      size: 475712
    - path: data/processed/y_test.npy
      hash: md5
      md5: 844f180395e4bcec2d3f303b13487de1
      size: 119024
    - path: data/processed/y_train_augmented.npy
      hash: md5
      md5: 8fb2ad91be829003456c7254f446cfc5
      size: 445352
    - path: data/processed/y_val.npy
      hash: md5
      md5: 704b856814362004dbe5e92b2a4f65db
      size: 119024
    - path: src/config.py
      hash: md5
      md5: 6b0a59588b78e357fb3b7169f882afc6
      size: 6012
    - path: src/metrics.py
      hash: md5
      md5: d7e246a346847d11c70b8dbb941320d1
      size: 4359
    - path: src/train_ml/run.py
      hash: md5
      md5: d3c4d5099f36f1533e8d30b064d850f7
      size: 3227
    - path: src/train_ml/trainer.py
      hash: md5
      md5: fa90968c8a737238fb4ae6270fd9b5ba
      size: 8378
    params:
      params.yaml:
        ab_test.alpha: 0.05
        ab_test.seeds:
        - 0
        - 1
        - 2
        - 3
        - 4
        - 5
        - 6
        - 7
        - 8
        - 9
        mlflow.experiment_name_ml: crash-severity-ml
        mlflow.tracking_uri: mlruns/
        model.fatal_recall_threshold: 0.5
        model.fatal_threshold: 0.16983967534407593
        model.macro_f1_threshold: 0.3
        model.n_classes: 3
    outs:
    - path: models/best_ml_model.pkl
      hash: md5
      md5: 5e0b03135cfc75e3b786fa9bb659d34f
      size: 1173354
  evaluate:
    cmd: python -m src.evaluate.run
    deps:
    - path: models/best_ml_model.pkl
      hash: md5
      md5: 5e0b03135cfc75e3b786fa9bb659d34f
      size: 1173354
    - path: models/mlp_model.pth
      hash: md5
      md5: 7b3cd5daa87ccc583f14f70af652060d
      size: 15203
    - path: src/config.py
      hash: md5
      md5: 6b0a59588b78e357fb3b7169f882afc6
      size: 6012
    - path: src/evaluate/evaluator.py
      hash: md5
      md5: 0fd3e25c0d9bc81a1555ed7d80dd6501
      size: 5258
    - path: src/evaluate/run.py
      hash: md5
      md5: cc92bb1f500d1d3e1eec02f20c6778cf
      size: 4431
    params:
      params.yaml:
        ab_test.alpha: 0.05
        ab_test.tiebreak: ml
        mlflow.experiment_name_dl: crash-severity-dl
        mlflow.experiment_name_ml: crash-severity-ml
        mlflow.tracking_uri: mlruns/
        model.fatal_recall_threshold: 0.5
        model.macro_f1_threshold: 0.3
        model.n_classes: 3
    outs:
    - path: docs/ab_test_comparison.json
      hash: md5
      md5: 161d4a18a8f8d3673c2a75556bfb4511
      size: 338
    - path: docs/evaluation_report.json
      hash: md5
      md5: 73df9db9df9b7942493db3d39b101c8c
      size: 433
  tune:
    cmd: python -m src.tune.run
    deps:
    - path: data/processed/X_test.npy
      hash: md5
      md5: 8bd04cfdc9de8852561a25a66ec7628a
      size: 3567008
    - path: data/processed/X_train.npy
      hash: md5
      md5: 762b129b49ed75d3943982b60e63106c
      size: 10700528
    - path: data/processed/X_train_augmented.npy
      hash: md5
      md5: 29bee6d3661cf732b1a41a10952d8e87
      size: 11247968
    - path: data/processed/X_val.npy
      hash: md5
      md5: 8c79637571ba0ecdf6a8ad6436e774e4
      size: 3567008
    - path: data/processed/y_test.npy
      hash: md5
      md5: 844f180395e4bcec2d3f303b13487de1
      size: 119024
    - path: data/processed/y_train.npy
      hash: md5
      md5: e1ea8dcd6335ad1a886a09c4967582ac
      size: 356808
    - path: data/processed/y_train_augmented.npy
      hash: md5
      md5: 55a49e396eb9eca004a8de00433cebc6
      size: 375056
    - path: data/processed/y_val.npy
      hash: md5
      md5: 704b856814362004dbe5e92b2a4f65db
      size: 119024
    - path: docs/evaluation_report.json
      hash: md5
      md5: e3681bfe1ccb93f70cfc8ed1aaded175
      size: 438
    - path: src/config.py
      hash: md5
      md5: 6b0a59588b78e357fb3b7169f882afc6
      size: 6012
    - path: src/tune/optuna_tuner.py
      hash: md5
      md5: 82f519d171d19ec388ff0fa9c2b6b022
      size: 11173
    - path: src/tune/run.py
      hash: md5
      md5: 58c5034511828d42a78ef539f24f9643
      size: 4390
    params:
      params.yaml:
        mlflow.experiment_name_tune: crash-severity-tune
        mlflow.tracking_uri: mlruns/
        tune.experiment_name: vae-hyperparameter-tuning
        tune.optuna.direction: maximize
        tune.optuna.n_trials: 30
        tune.optuna.pruner.n_startup_trials: 5
        tune.optuna.pruner.n_warmup_steps: 15
        tune.optuna.search_space.beta_max_high: 1.0
        tune.optuna.search_space.beta_max_low: 0.01
        tune.optuna.search_space.dropout_p_high: 0.3
        tune.optuna.search_space.dropout_p_low: 0.05
        tune.optuna.search_space.latent_dim_choices:
        - 8
        - 16
        - 32
        - 64
        tune.optuna.search_space.lr_high: 0.001
        tune.optuna.search_space.lr_low: 0.0001
        tune.optuna.search_space.target_fatal_ratio_choices:
        - 0.05
        - 0.1
        - 0.15
        - 0.2
        tune.optuna.search_space.warmup_epochs_high: 30
        tune.optuna.search_space.warmup_epochs_low: 5
        tune.optuna.study_name: vae-optuna-hpo
    outs:
    - path: docs/optuna_best_params.json
      hash: md5
      md5: efafb4e65a29bdbf1deac97da4a88d59
      size: 368
  register:
    cmd: python -m src.register.run
    deps:
    - path: docs/evaluation_report.json
      hash: md5
      md5: 73df9db9df9b7942493db3d39b101c8c
      size: 433
    - path: src/config.py
      hash: md5
      md5: 6b0a59588b78e357fb3b7169f882afc6
      size: 6012
    - path: src/register/registrar.py
      hash: md5
      md5: 3b4e47a15ebd72e13ed326567069e8fe
      size: 5561
    - path: src/register/run.py
      hash: md5
      md5: e6acbdb12fbc94a334488fba7d031ee6
      size: 3361
    params:
      params.yaml:
        mlflow.experiment_name_dl: crash-severity-dl
        mlflow.experiment_name_ml: crash-severity-ml
        mlflow.model_name: crash-severity
        mlflow.tracking_uri: mlruns/
    outs:
    - path: models/registry_receipt.json
      hash: md5
      md5: 6951d13cbce7365801460d009d377164
      size: 147
  train_gmm:
    cmd: python -m src.train_gmm.run
    deps:
    - path: data/processed/Z_test.npy
      hash: md5
      md5: 99aff2a52d6710c17d050e42e1804777
      size: 475712
    - path: data/processed/Z_train_augmented.npy
      hash: md5
      md5: 7f5d9884ab1550db34dc78b8a4deacde
      size: 1781024
    - path: data/processed/Z_val.npy
      hash: md5
      md5: 06ccf110e4d4959b18062331fcf07e44
      size: 475712
    - path: data/processed/y_test.npy
      hash: md5
      md5: 844f180395e4bcec2d3f303b13487de1
      size: 119024
    - path: data/processed/y_train_augmented.npy
      hash: md5
      md5: 8fb2ad91be829003456c7254f446cfc5
      size: 445352
    - path: data/processed/y_val.npy
      hash: md5
      md5: 704b856814362004dbe5e92b2a4f65db
      size: 119024
    - path: src/config.py
      hash: md5
      md5: c268bcb9972a9a7dc47a2715e269e24a
      size: 6607
    - path: src/metrics.py
      hash: md5
      md5: d7e246a346847d11c70b8dbb941320d1
      size: 4359
    - path: src/train_gmm/run.py
      hash: md5
      md5: 2b1be0945095bb5bfc9f8021229cfcf4
      size: 2657
    - path: src/train_gmm/trainer.py
      hash: md5
      md5: 9ddd772b48bee88a4b4d8029224ca292
      size: 7980
    params:
      params.yaml:
        ab_test.seeds:
        - 0
        - 1
        - 2
        - 3
        - 4
        - 5
        - 6
        - 7
        - 8
        - 9
        gmm.covariance_type: full
        gmm.experiment_name: crash-severity-gmm
        gmm.fatal_prior_boost: 1.0
        gmm.max_iter: 100
        gmm.n_components:
          0: 1
          1: 1
          2: 2
        gmm.n_init: 5
        gmm.reg_covar: 1e-06
        mlflow.experiment_name_gmm: crash-severity-gmm
        mlflow.tracking_uri: mlruns/
        model.fatal_recall_threshold: 0.5
        model.macro_f1_threshold: 0.3
        model.n_classes: 3
    outs:
    - path: models/best_gmm_model.pkl
      hash: md5
      md5: eae09f2224d5801c1284524953c250d4
      size: 7990
